
Microsoft Visual Studio Solution File, Format Version 12.00
# Visual Studio Version 17
VisualStudioVersion = 17.6.33815.320
MinimumVisualStudioVersion = 10.0.40219.1
Project("{FAE04EC0-301F-11D3-BF4B-00C04F79EFBC}") = "facebook_clone", "facebook_clone.csproj", "{E86ECC2C-8770-4A90-9DA4-653F94E6D2CB}"
EndProject
Global
	GlobalSection(SolutionConfigurationPlatforms) = preSolution
		Debug|Any CPU = Debug|Any CPU
		Release|Any CPU = Release|Any CPU
	EndGlobalSection
	GlobalSection(ProjectConfigurationPlatforms) = postSolution
		{E86ECC2C-8770-4A90-9DA4-653F94E6D2CB}.Debug|Any CPU.ActiveCfg = Debug|Any CPU
		{E86ECC2C-8770-4A90-9DA4-653F94E6D2CB}.Debug|Any CPU.Build.0 = Debug|Any CPU
		{E86ECC2C-8770-4A90-9DA4-653F94E6D2CB}.Release|Any CPU.ActiveCfg = Release|Any CPU
		{E86ECC2C-8770-4A90-9DA4-653F94E6D2CB}.Release|Any CPU.Build.0 = Release|Any CPU
	EndGlobalSection
	GlobalSection(SolutionProperties) = preSolution
		HideSolutionNode = FALSE
	EndGlobalSection
	GlobalSection(ExtensibilityGlobals) = postSolution
		SolutionGuid = {D1BB883C-3EEB-41DC-91C3-CE1E2508C6F6}
	EndGlobalSection
EndGlobal
